// !$*UTF8*$!
{
	archiveVersion = 1;
	classes = {
	};
	objectVersion = 56;
	objects = {

/* Begin PBXBuildFile section */
		F63CA55E29C1046B00D4A5E7 /* VisualisingDataStructuresApp.swift in Sources */ = {isa = PBXBuildFile; fileRef = F63CA55D29C1046B00D4A5E7 /* VisualisingDataStructuresApp.swift */; };
		F63CA56029C1046B00D4A5E7 /* StackView.swift in Sources */ = {isa = PBXBuildFile; fileRef = F63CA55F29C1046B00D4A5E7 /* StackView.swift */; };
		F63CA56229C1046E00D4A5E7 /* Assets.xcassets in Resources */ = {isa = PBXBuildFile; fileRef = F63CA56129C1046E00D4A5E7 /* Assets.xcassets */; };
		F63CA56529C1046E00D4A5E7 /* Preview Assets.xcassets in Resources */ = {isa = PBXBuildFile; fileRef = F63CA56429C1046E00D4A5E7 /* Preview Assets.xcassets */; };
		F63CA56F29C1046E00D4A5E7 /* VisualisingDataStructuresTests.swift in Sources */ = {isa = PBXBuildFile; fileRef = F63CA56E29C1046E00D4A5E7 /* VisualisingDataStructuresTests.swift */; };
		F63CA57929C1046E00D4A5E7 /* VisualisingDataStructuresUITests.swift in Sources */ = {isa = PBXBuildFile; fileRef = F63CA57829C1046E00D4A5E7 /* VisualisingDataStructuresUITests.swift */; };
		F63CA57B29C1046E00D4A5E7 /* VisualisingDataStructuresUITestsLaunchTests.swift in Sources */ = {isa = PBXBuildFile; fileRef = F63CA57A29C1046E00D4A5E7 /* VisualisingDataStructuresUITestsLaunchTests.swift */; };
		F63CA58A29C1050800D4A5E7 /* ContentView.swift in Sources */ = {isa = PBXBuildFile; fileRef = F63CA58929C1050800D4A5E7 /* ContentView.swift */; };
		F63CA58C29C1052100D4A5E7 /* QueueView.swift in Sources */ = {isa = PBXBuildFile; fileRef = F63CA58B29C1052100D4A5E7 /* QueueView.swift */; };
		F63CA58E29C1053200D4A5E7 /* LinkedListView.swift in Sources */ = {isa = PBXBuildFile; fileRef = F63CA58D29C1053200D4A5E7 /* LinkedListView.swift */; };
		F63CA59029C1054900D4A5E7 /* Stack.swift in Sources */ = {isa = PBXBuildFile; fileRef = F63CA58F29C1054900D4A5E7 /* Stack.swift */; };
		F63CA59229C11D8E00D4A5E7 /* Queue.swift in Sources */ = {isa = PBXBuildFile; fileRef = F63CA59129C11D8E00D4A5E7 /* Queue.swift */; };
		F66884BB29C279E000C99C47 /* LinkedList.swift in Sources */ = {isa = PBXBuildFile; fileRef = F66884BA29C279E000C99C47 /* LinkedList.swift */; };
/* End PBXBuildFile section */

/* Begin PBXContainerItemProxy section */
		F63CA56B29C1046E00D4A5E7 /* PBXContainerItemProxy */ = {
			isa = PBXContainerItemProxy;
			containerPortal = F63CA55229C1046B00D4A5E7 /* Project object */;
			proxyType = 1;
			remoteGlobalIDString = F63CA55929C1046B00D4A5E7;
			remoteInfo = VisualisingDataStructures;
		};
		F63CA57529C1046E00D4A5E7 /* PBXContainerItemProxy */ = {
			isa = PBXContainerItemProxy;
			containerPortal = F63CA55229C1046B00D4A5E7 /* Project object */;
			proxyType = 1;
			remoteGlobalIDString = F63CA55929C1046B00D4A5E7;
			remoteInfo = VisualisingDataStructures;
		};
/* End PBXContainerItemProxy section */

/* Begin PBXFileReference section */
		F63CA55A29C1046B00D4A5E7 /* VisualisingDataStructures.app */ = {isa = PBXFileReference; explicitFileType = wrapper.application; includeInIndex = 0; path = VisualisingDataStructures.app; sourceTree = BUILT_PRODUCTS_DIR; };
		F63CA55D29C1046B00D4A5E7 /* VisualisingDataStructuresApp.swift */ = {isa = PBXFileReference; lastKnownFileType = sourcecode.swift; path = VisualisingDataStructuresApp.swift; sourceTree = "<group>"; };
		F63CA55F29C1046B00D4A5E7 /* StackView.swift */ = {isa = PBXFileReference; lastKnownFileType = sourcecode.swift; path = StackView.swift; sourceTree = "<group>"; };
		F63CA56129C1046E00D4A5E7 /* Assets.xcassets */ = {isa = PBXFileReference; lastKnownFileType = folder.assetcatalog; path = Assets.xcassets; sourceTree = "<group>"; };
		F63CA56429C1046E00D4A5E7 /* Preview Assets.xcassets */ = {isa = PBXFileReference; lastKnownFileType = folder.assetcatalog; path = "Preview Assets.xcassets"; sourceTree = "<group>"; };
		F63CA56A29C1046E00D4A5E7 /* VisualisingDataStructuresTests.xctest */ = {isa = PBXFileReference; explicitFileType = wrapper.cfbundle; includeInIndex = 0; path = VisualisingDataStructuresTests.xctest; sourceTree = BUILT_PRODUCTS_DIR; };
		F63CA56E29C1046E00D4A5E7 /* VisualisingDataStructuresTests.swift */ = {isa = PBXFileReference; lastKnownFileType = sourcecode.swift; path = VisualisingDataStructuresTests.swift; sourceTree = "<group>"; };
		F63CA57429C1046E00D4A5E7 /* VisualisingDataStructuresUITests.xctest */ = {isa = PBXFileReference; explicitFileType = wrapper.cfbundle; includeInIndex = 0; path = VisualisingDataStructuresUITests.xctest; sourceTree = BUILT_PRODUCTS_DIR; };
		F63CA57829C1046E00D4A5E7 /* VisualisingDataStructuresUITests.swift */ = {isa = PBXFileReference; lastKnownFileType = sourcecode.swift; path = VisualisingDataStructuresUITests.swift; sourceTree = "<group>"; };
		F63CA57A29C1046E00D4A5E7 /* VisualisingDataStructuresUITestsLaunchTests.swift */ = {isa = PBXFileReference; lastKnownFileType = sourcecode.swift; path = VisualisingDataStructuresUITestsLaunchTests.swift; sourceTree = "<group>"; };
		F63CA58929C1050800D4A5E7 /* ContentView.swift */ = {isa = PBXFileReference; lastKnownFileType = sourcecode.swift; path = ContentView.swift; sourceTree = "<group>"; };
		F63CA58B29C1052100D4A5E7 /* QueueView.swift */ = {isa = PBXFileReference; lastKnownFileType = sourcecode.swift; path = QueueView.swift; sourceTree = "<group>"; };
		F63CA58D29C1053200D4A5E7 /* LinkedListView.swift */ = {isa = PBXFileReference; lastKnownFileType = sourcecode.swift; path = LinkedListView.swift; sourceTree = "<group>"; };
		F63CA58F29C1054900D4A5E7 /* Stack.swift */ = {isa = PBXFileReference; lastKnownFileType = sourcecode.swift; path = Stack.swift; sourceTree = "<group>"; };
		F63CA59129C11D8E00D4A5E7 /* Queue.swift */ = {isa = PBXFileReference; lastKnownFileType = sourcecode.swift; path = Queue.swift; sourceTree = "<group>"; };
		F66884BA29C279E000C99C47 /* LinkedList.swift */ = {isa = PBXFileReference; lastKnownFileType = sourcecode.swift; path = LinkedList.swift; sourceTree = "<group>"; };
/* End PBXFileReference section */

/* Begin PBXFrameworksBuildPhase section */
		F63CA55729C1046B00D4A5E7 /* Frameworks */ = {
			isa = PBXFrameworksBuildPhase;
			buildActionMask = 2147483647;
			files = (
			);
			runOnlyForDeploymentPostprocessing = 0;
		};
		F63CA56729C1046E00D4A5E7 /* Frameworks */ = {
			isa = PBXFrameworksBuildPhase;
			buildActionMask = 2147483647;
			files = (
			);
			runOnlyForDeploymentPostprocessing = 0;
		};
		F63CA57129C1046E00D4A5E7 /* Frameworks */ = {
			isa = PBXFrameworksBuildPhase;
			buildActionMask = 2147483647;
			files = (
			);
			runOnlyForDeploymentPostprocessing = 0;
		};
/* End PBXFrameworksBuildPhase section */

/* Begin PBXGroup section */
		F63CA55129C1046B00D4A5E7 = {
			isa = PBXGroup;
			children = (
				F63CA55C29C1046B00D4A5E7 /* VisualisingDataStructures */,
				F63CA56D29C1046E00D4A5E7 /* VisualisingDataStructuresTests */,
				F63CA57729C1046E00D4A5E7 /* VisualisingDataStructuresUITests */,
				F63CA55B29C1046B00D4A5E7 /* Products */,
			);
			sourceTree = "<group>";
		};
		F63CA55B29C1046B00D4A5E7 /* Products */ = {
			isa = PBXGroup;
			children = (
				F63CA55A29C1046B00D4A5E7 /* VisualisingDataStructures.app */,
				F63CA56A29C1046E00D4A5E7 /* VisualisingDataStructuresTests.xctest */,
				F63CA57429C1046E00D4A5E7 /* VisualisingDataStructuresUITests.xctest */,
			);
			name = Products;
			sourceTree = "<group>";
		};
		F63CA55C29C1046B00D4A5E7 /* VisualisingDataStructures */ = {
			isa = PBXGroup;
			children = (
				F63CA55D29C1046B00D4A5E7 /* VisualisingDataStructuresApp.swift */,
				F63CA58829C104A200D4A5E7 /* Model */,
				F63CA58729C1048C00D4A5E7 /* Views */,
				F63CA56129C1046E00D4A5E7 /* Assets.xcassets */,
				F63CA56329C1046E00D4A5E7 /* Preview Content */,
			);
			path = VisualisingDataStructures;
			sourceTree = "<group>";
		};
		F63CA56329C1046E00D4A5E7 /* Preview Content */ = {
			isa = PBXGroup;
			children = (
				F63CA56429C1046E00D4A5E7 /* Preview Assets.xcassets */,
			);
			path = "Preview Content";
			sourceTree = "<group>";
		};
		F63CA56D29C1046E00D4A5E7 /* VisualisingDataStructuresTests */ = {
			isa = PBXGroup;
			children = (
				F63CA56E29C1046E00D4A5E7 /* VisualisingDataStructuresTests.swift */,
			);
			path = VisualisingDataStructuresTests;
			sourceTree = "<group>";
		};
		F63CA57729C1046E00D4A5E7 /* VisualisingDataStructuresUITests */ = {
			isa = PBXGroup;
			children = (
				F63CA57829C1046E00D4A5E7 /* VisualisingDataStructuresUITests.swift */,
				F63CA57A29C1046E00D4A5E7 /* VisualisingDataStructuresUITestsLaunchTests.swift */,
			);
			path = VisualisingDataStructuresUITests;
			sourceTree = "<group>";
		};
		F63CA58729C1048C00D4A5E7 /* Views */ = {
			isa = PBXGroup;
			children = (
				F63CA58929C1050800D4A5E7 /* ContentView.swift */,
				F63CA55F29C1046B00D4A5E7 /* StackView.swift */,
				F63CA58B29C1052100D4A5E7 /* QueueView.swift */,
				F63CA58D29C1053200D4A5E7 /* LinkedListView.swift */,
			);
			path = Views;
			sourceTree = "<group>";
		};
		F63CA58829C104A200D4A5E7 /* Model */ = {
			isa = PBXGroup;
			children = (
				F63CA58F29C1054900D4A5E7 /* Stack.swift */,
				F63CA59129C11D8E00D4A5E7 /* Queue.swift */,
				F66884BA29C279E000C99C47 /* LinkedList.swift */,
			);
			path = Model;
			sourceTree = "<group>";
		};
/* End PBXGroup section */

/* Begin PBXNativeTarget section */
		F63CA55929C1046B00D4A5E7 /* VisualisingDataStructures */ = {
			isa = PBXNativeTarget;
			buildConfigurationList = F63CA57E29C1046E00D4A5E7 /* Build configuration list for PBXNativeTarget "VisualisingDataStructures" */;
			buildPhases = (
				F63CA55629C1046B00D4A5E7 /* Sources */,
				F63CA55729C1046B00D4A5E7 /* Frameworks */,
				F63CA55829C1046B00D4A5E7 /* Resources */,
			);
			buildRules = (
			);
			dependencies = (
			);
			name = VisualisingDataStructures;
			productName = VisualisingDataStructures;
			productReference = F63CA55A29C1046B00D4A5E7 /* VisualisingDataStructures.app */;
			productType = "com.apple.product-type.application";
		};
		F63CA56929C1046E00D4A5E7 /* VisualisingDataStructuresTests */ = {
			isa = PBXNativeTarget;
			buildConfigurationList = F63CA58129C1046E00D4A5E7 /* Build configuration list for PBXNativeTarget "VisualisingDataStructuresTests" */;
			buildPhases = (
				F63CA56629C1046E00D4A5E7 /* Sources */,
				F63CA56729C1046E00D4A5E7 /* Frameworks */,
				F63CA56829C1046E00D4A5E7 /* Resources */,
			);
			buildRules = (
			);
			dependencies = (
				F63CA56C29C1046E00D4A5E7 /* PBXTargetDependency */,
			);
			name = VisualisingDataStructuresTests;
			productName = VisualisingDataStructuresTests;
			productReference = F63CA56A29C1046E00D4A5E7 /* VisualisingDataStructuresTests.xctest */;
			productType = "com.apple.product-type.bundle.unit-test";
		};
		F63CA57329C1046E00D4A5E7 /* VisualisingDataStructuresUITests */ = {
			isa = PBXNativeTarget;
			buildConfigurationList = F63CA58429C1046E00D4A5E7 /* Build configuration list for PBXNativeTarget "VisualisingDataStructuresUITests" */;
			buildPhases = (
				F63CA57029C1046E00D4A5E7 /* Sources */,
				F63CA57129C1046E00D4A5E7 /* Frameworks */,
				F63CA57229C1046E00D4A5E7 /* Resources */,
			);
			buildRules = (
			);
			dependencies = (
				F63CA57629C1046E00D4A5E7 /* PBXTargetDependency */,
			);
			name = VisualisingDataStructuresUITests;
			productName = VisualisingDataStructuresUITests;
			productReference = F63CA57429C1046E00D4A5E7 /* VisualisingDataStructuresUITests.xctest */;
			productType = "com.apple.product-type.bundle.ui-testing";
		};
/* End PBXNativeTarget section */

/* Begin PBXProject section */
		F63CA55229C1046B00D4A5E7 /* Project object */ = {
			isa = PBXProject;
			attributes = {
				BuildIndependentTargetsInParallel = 1;
				LastSwiftUpdateCheck = 1420;
				LastUpgradeCheck = 1420;
				TargetAttributes = {
					F63CA55929C1046B00D4A5E7 = {
						CreatedOnToolsVersion = 14.2;
					};
					F63CA56929C1046E00D4A5E7 = {
						CreatedOnToolsVersion = 14.2;
						TestTargetID = F63CA55929C1046B00D4A5E7;
					};
					F63CA57329C1046E00D4A5E7 = {
						CreatedOnToolsVersion = 14.2;
						TestTargetID = F63CA55929C1046B00D4A5E7;
					};
				};
			};
			buildConfigurationList = F63CA55529C1046B00D4A5E7 /* Build configuration list for PBXProject "VisualisingDataStructures" */;
			compatibilityVersion = "Xcode 14.0";
			developmentRegion = en;
			hasScannedForEncodings = 0;
			knownRegions = (
				en,
				Base,
			);
			mainGroup = F63CA55129C1046B00D4A5E7;
			productRefGroup = F63CA55B29C1046B00D4A5E7 /* Products */;
			projectDirPath = "";
			projectRoot = "";
			targets = (
				F63CA55929C1046B00D4A5E7 /* VisualisingDataStructures */,
				F63CA56929C1046E00D4A5E7 /* VisualisingDataStructuresTests */,
				F63CA57329C1046E00D4A5E7 /* VisualisingDataStructuresUITests */,
			);
		};
/* End PBXProject section */

/* Begin PBXResourcesBuildPhase section */
		F63CA55829C1046B00D4A5E7 /* Resources */ = {
			isa = PBXResourcesBuildPhase;
			buildActionMask = 2147483647;
			files = (
				F63CA56529C1046E00D4A5E7 /* Preview Assets.xcassets in Resources */,
				F63CA56229C1046E00D4A5E7 /* Assets.xcassets in Resources */,
			);
			runOnlyForDeploymentPostprocessing = 0;
		};
		F63CA56829C1046E00D4A5E7 /* Resources */ = {
			isa = PBXResourcesBuildPhase;
			buildActionMask = 2147483647;
			files = (
			);
			runOnlyForDeploymentPostprocessing = 0;
		};
		F63CA57229C1046E00D4A5E7 /* Resources */ = {
			isa = PBXResourcesBuildPhase;
			buildActionMask = 2147483647;
			files = (
			);
			runOnlyForDeploymentPostprocessing = 0;
		};
/* End PBXResourcesBuildPhase section */

/* Begin PBXSourcesBuildPhase section */
		F63CA55629C1046B00D4A5E7 /* Sources */ = {
			isa = PBXSourcesBuildPhase;
			buildActionMask = 2147483647;
			files = (
				F66884BB29C279E000C99C47 /* LinkedList.swift in Sources */,
				F63CA56029C1046B00D4A5E7 /* StackView.swift in Sources */,
				F63CA59229C11D8E00D4A5E7 /* Queue.swift in Sources */,
				F63CA55E29C1046B00D4A5E7 /* VisualisingDataStructuresApp.swift in Sources */,
				F63CA58C29C1052100D4A5E7 /* QueueView.swift in Sources */,
				F63CA58A29C1050800D4A5E7 /* ContentView.swift in Sources */,
				F63CA59029C1054900D4A5E7 /* Stack.swift in Sources */,
				F63CA58E29C1053200D4A5E7 /* LinkedListView.swift in Sources */,
			);
			runOnlyForDeploymentPostprocessing = 0;
		};
		F63CA56629C1046E00D4A5E7 /* Sources */ = {
			isa = PBXSourcesBuildPhase;
			buildActionMask = 2147483647;
			files = (
				F63CA56F29C1046E00D4A5E7 /* VisualisingDataStructuresTests.swift in Sources */,
			);
			runOnlyForDeploymentPostprocessing = 0;
		};
		F63CA57029C1046E00D4A5E7 /* Sources */ = {
			isa = PBXSourcesBuildPhase;
			buildActionMask = 2147483647;
			files = (
				F63CA57929C1046E00D4A5E7 /* VisualisingDataStructuresUITests.swift in Sources */,
				F63CA57B29C1046E00D4A5E7 /* VisualisingDataStructuresUITestsLaunchTests.swift in Sources */,
			);
			runOnlyForDeploymentPostprocessing = 0;
		};
/* End PBXSourcesBuildPhase section */

/* Begin PBXTargetDependency section */
		F63CA56C29C1046E00D4A5E7 /* PBXTargetDependency */ = {
			isa = PBXTargetDependency;
			target = F63CA55929C1046B00D4A5E7 /* VisualisingDataStructures */;
			targetProxy = F63CA56B29C1046E00D4A5E7 /* PBXContainerItemProxy */;
		};
		F63CA57629C1046E00D4A5E7 /* PBXTargetDependency */ = {
			isa = PBXTargetDependency;
			target = F63CA55929C1046B00D4A5E7 /* VisualisingDataStructures */;
			targetProxy = F63CA57529C1046E00D4A5E7 /* PBXContainerItemProxy */;
		};
/* End PBXTargetDependency section */

/* Begin XCBuildConfiguration section */
		F63CA57C29C1046E00D4A5E7 /* Debug */ = {
			isa = XCBuildConfiguration;
			buildSettings = {
				ALWAYS_SEARCH_USER_PATHS = NO;
				CLANG_ANALYZER_NONNULL = YES;
				CLANG_ANALYZER_NUMBER_OBJECT_CONVERSION = YES_AGGRESSIVE;
				CLANG_CXX_LANGUAGE_STANDARD = "gnu++20";
				CLANG_ENABLE_MODULES = YES;
				CLANG_ENABLE_OBJC_ARC = YES;
				CLANG_ENABLE_OBJC_WEAK = YES;
				CLANG_WARN_BLOCK_CAPTURE_AUTORELEASING = YES;
				CLANG_WARN_BOOL_CONVERSION = YES;
				CLANG_WARN_COMMA = YES;
				CLANG_WARN_CONSTANT_CONVERSION = YES;
				CLANG_WARN_DEPRECATED_OBJC_IMPLEMENTATIONS = YES;
				CLANG_WARN_DIRECT_OBJC_ISA_USAGE = YES_ERROR;
				CLANG_WARN_DOCUMENTATION_COMMENTS = YES;
				CLANG_WARN_EMPTY_BODY = YES;
				CLANG_WARN_ENUM_CONVERSION = YES;
				CLANG_WARN_INFINITE_RECURSION = YES;
				CLANG_WARN_INT_CONVERSION = YES;
				CLANG_WARN_NON_LITERAL_NULL_CONVERSION = YES;
				CLANG_WARN_OBJC_IMPLICIT_RETAIN_SELF = YES;
				CLANG_WARN_OBJC_LITERAL_CONVERSION = YES;
				CLANG_WARN_OBJC_ROOT_CLASS = YES_ERROR;
				CLANG_WARN_QUOTED_INCLUDE_IN_FRAMEWORK_HEADER = YES;
				CLANG_WARN_RANGE_LOOP_ANALYSIS = YES;
				CLANG_WARN_STRICT_PROTOTYPES = YES;
				CLANG_WARN_SUSPICIOUS_MOVE = YES;
				CLANG_WARN_UNGUARDED_AVAILABILITY = YES_AGGRESSIVE;
				CLANG_WARN_UNREACHABLE_CODE = YES;
				CLANG_WARN__DUPLICATE_METHOD_MATCH = YES;
				COPY_PHASE_STRIP = NO;
				DEBUG_INFORMATION_FORMAT = dwarf;
				ENABLE_STRICT_OBJC_MSGSEND = YES;
				ENABLE_TESTABILITY = YES;
				GCC_C_LANGUAGE_STANDARD = gnu11;
				GCC_DYNAMIC_NO_PIC = NO;
				GCC_NO_COMMON_BLOCKS = YES;
				GCC_OPTIMIZATION_LEVEL = 0;
				GCC_PREPROCESSOR_DEFINITIONS = (
					"DEBUG=1",
					"$(inherited)",
				);
				GCC_WARN_64_TO_32_BIT_CONVERSION = YES;
				GCC_WARN_ABOUT_RETURN_TYPE = YES_ERROR;
				GCC_WARN_UNDECLARED_SELECTOR = YES;
				GCC_WARN_UNINITIALIZED_AUTOS = YES_AGGRESSIVE;
				GCC_WARN_UNUSED_FUNCTION = YES;
				GCC_WARN_UNUSED_VARIABLE = YES;
				IPHONEOS_DEPLOYMENT_TARGET = 16.2;
				MTL_ENABLE_DEBUG_INFO = INCLUDE_SOURCE;
				MTL_FAST_MATH = YES;
				ONLY_ACTIVE_ARCH = YES;
				SDKROOT = iphoneos;
				SWIFT_ACTIVE_COMPILATION_CONDITIONS = DEBUG;
				SWIFT_OPTIMIZATION_LEVEL = "-Onone";
			};
			name = Debug;
		};
		F63CA57D29C1046E00D4A5E7 /* Release */ = {
			isa = XCBuildConfiguration;
			buildSettings = {
				ALWAYS_SEARCH_USER_PATHS = NO;
				CLANG_ANALYZER_NONNULL = YES;
				CLANG_ANALYZER_NUMBER_OBJECT_CONVERSION = YES_AGGRESSIVE;
				CLANG_CXX_LANGUAGE_STANDARD = "gnu++20";
				CLANG_ENABLE_MODULES = YES;
				CLANG_ENABLE_OBJC_ARC = YES;
				CLANG_ENABLE_OBJC_WEAK = YES;
				CLANG_WARN_BLOCK_CAPTURE_AUTORELEASING = YES;
				CLANG_WARN_BOOL_CONVERSION = YES;
				CLANG_WARN_COMMA = YES;
				CLANG_WARN_CONSTANT_CONVERSION = YES;
				CLANG_WARN_DEPRECATED_OBJC_IMPLEMENTATIONS = YES;
				CLANG_WARN_DIRECT_OBJC_ISA_USAGE = YES_ERROR;
				CLANG_WARN_DOCUMENTATION_COMMENTS = YES;
				CLANG_WARN_EMPTY_BODY = YES;
				CLANG_WARN_ENUM_CONVERSION = YES;
				CLANG_WARN_INFINITE_RECURSION = YES;
				CLANG_WARN_INT_CONVERSION = YES;
				CLANG_WARN_NON_LITERAL_NULL_CONVERSION = YES;
				CLANG_WARN_OBJC_IMPLICIT_RETAIN_SELF = YES;
				CLANG_WARN_OBJC_LITERAL_CONVERSION = YES;
				CLANG_WARN_OBJC_ROOT_CLASS = YES_ERROR;
				CLANG_WARN_QUOTED_INCLUDE_IN_FRAMEWORK_HEADER = YES;
				CLANG_WARN_RANGE_LOOP_ANALYSIS = YES;
				CLANG_WARN_STRICT_PROTOTYPES = YES;
				CLANG_WARN_SUSPICIOUS_MOVE = YES;
				CLANG_WARN_UNGUARDED_AVAILABILITY = YES_AGGRESSIVE;
				CLANG_WARN_UNREACHABLE_CODE = YES;
				CLANG_WARN__DUPLICATE_METHOD_MATCH = YES;
				COPY_PHASE_STRIP = NO;
				DEBUG_INFORMATION_FORMAT = "dwarf-with-dsym";
				ENABLE_NS_ASSERTIONS = NO;
				ENABLE_STRICT_OBJC_MSGSEND = YES;
				GCC_C_LANGUAGE_STANDARD = gnu11;
				GCC_NO_COMMON_BLOCKS = YES;
				GCC_WARN_64_TO_32_BIT_CONVERSION = YES;
				GCC_WARN_ABOUT_RETURN_TYPE = YES_ERROR;
				GCC_WARN_UNDECLARED_SELECTOR = YES;
				GCC_WARN_UNINITIALIZED_AUTOS = YES_AGGRESSIVE;
				GCC_WARN_UNUSED_FUNCTION = YES;
				GCC_WARN_UNUSED_VARIABLE = YES;
				IPHONEOS_DEPLOYMENT_TARGET = 16.2;
				MTL_ENABLE_DEBUG_INFO = NO;
				MTL_FAST_MATH = YES;
				SDKROOT = iphoneos;
				SWIFT_COMPILATION_MODE = wholemodule;
				SWIFT_OPTIMIZATION_LEVEL = "-O";
				VALIDATE_PRODUCT = YES;
			};
			name = Release;
		};
		F63CA57F29C1046E00D4A5E7 /* Debug */ = {
			isa = XCBuildConfiguration;
			buildSettings = {
				ASSETCATALOG_COMPILER_APPICON_NAME = AppIcon;
				ASSETCATALOG_COMPILER_GLOBAL_ACCENT_COLOR_NAME = AccentColor;
				CODE_SIGN_STYLE = Automatic;
				CURRENT_PROJECT_VERSION = 1;
				DEVELOPMENT_ASSET_PATHS = "\"VisualisingDataStructures/Preview Content\"";
				ENABLE_PREVIEWS = YES;
				GENERATE_INFOPLIST_FILE = YES;
				INFOPLIST_KEY_UIApplicationSceneManifest_Generation = YES;
				INFOPLIST_KEY_UIApplicationSupportsIndirectInputEvents = YES;
				INFOPLIST_KEY_UILaunchScreen_Generation = YES;
				INFOPLIST_KEY_UISupportedInterfaceOrientations_iPad = "UIInterfaceOrientationPortrait UIInterfaceOrientationPortraitUpsideDown UIInterfaceOrientationLandscapeLeft UIInterfaceOrientationLandscapeRight";
				INFOPLIST_KEY_UISupportedInterfaceOrientations_iPhone = "UIInterfaceOrientationPortrait UIInterfaceOrientationLandscapeLeft UIInterfaceOrientationLandscapeRight";
				LD_RUNPATH_SEARCH_PATHS = (
					"$(inherited)",
					"@executable_path/Frameworks",
				);
				MARKETING_VERSION = 1.0;
				PRODUCT_BUNDLE_IDENTIFIER = "com.Ed-Wreford.VisualisingDataStructures";
				PRODUCT_NAME = "$(TARGET_NAME)";
				SWIFT_EMIT_LOC_STRINGS = YES;
				SWIFT_VERSION = 5.0;
				TARGETED_DEVICE_FAMILY = "1,2";
			};
			name = Debug;
		};
		F63CA58029C1046E00D4A5E7 /* Release */ = {
			isa = XCBuildConfiguration;
			buildSettings = {
				ASSETCATALOG_COMPILER_APPICON_NAME = AppIcon;
				ASSETCATALOG_COMPILER_GLOBAL_ACCENT_COLOR_NAME = AccentColor;
				CODE_SIGN_STYLE = Automatic;
				CURRENT_PROJECT_VERSION = 1;
				DEVELOPMENT_ASSET_PATHS = "\"VisualisingDataStructures/Preview Content\"";
				ENABLE_PREVIEWS = YES;
				GENERATE_INFOPLIST_FILE = YES;
				INFOPLIST_KEY_UIApplicationSceneManifest_Generation = YES;
				INFOPLIST_KEY_UIApplicationSupportsIndirectInputEvents = YES;
				INFOPLIST_KEY_UILaunchScreen_Generation = YES;
				INFOPLIST_KEY_UISupportedInterfaceOrientations_iPad = "UIInterfaceOrientationPortrait UIInterfaceOrientationPortraitUpsideDown UIInterfaceOrientationLandscapeLeft UIInterfaceOrientationLandscapeRight";
				INFOPLIST_KEY_UISupportedInterfaceOrientations_iPhone = "UIInterfaceOrientationPortrait UIInterfaceOrientationLandscapeLeft UIInterfaceOrientationLandscapeRight";
				LD_RUNPATH_SEARCH_PATHS = (
					"$(inherited)",
					"@executable_path/Frameworks",
				);
				MARKETING_VERSION = 1.0;
				PRODUCT_BUNDLE_IDENTIFIER = "com.Ed-Wreford.VisualisingDataStructures";
				PRODUCT_NAME = "$(TARGET_NAME)";
				SWIFT_EMIT_LOC_STRINGS = YES;
				SWIFT_VERSION = 5.0;
				TARGETED_DEVICE_FAMILY = "1,2";
			};
			name = Release;
		};
		F63CA58229C1046E00D4A5E7 /* Debug */ = {
			isa = XCBuildConfiguration;
			buildSettings = {
				ALWAYS_EMBED_SWIFT_STANDARD_LIBRARIES = YES;
				BUNDLE_LOADER = "$(TEST_HOST)";
				CODE_SIGN_STYLE = Automatic;
				CURRENT_PROJECT_VERSION = 1;
				GENERATE_INFOPLIST_FILE = YES;
				IPHONEOS_DEPLOYMENT_TARGET = 16.2;
				MARKETING_VERSION = 1.0;
				PRODUCT_BUNDLE_IDENTIFIER = "com.Ed-Wreford.VisualisingDataStructuresTests";
				PRODUCT_NAME = "$(TARGET_NAME)";
				SWIFT_EMIT_LOC_STRINGS = NO;
				SWIFT_VERSION = 5.0;
				TARGETED_DEVICE_FAMILY = "1,2";
				TEST_HOST = "$(BUILT_PRODUCTS_DIR)/VisualisingDataStructures.app/$(BUNDLE_EXECUTABLE_FOLDER_PATH)/VisualisingDataStructures";
			};
			name = Debug;
		};
		F63CA58329C1046E00D4A5E7 /* Release */ = {
			isa = XCBuildConfiguration;
			buildSettings = {
				ALWAYS_EMBED_SWIFT_STANDARD_LIBRARIES = YES;
				BUNDLE_LOADER = "$(TEST_HOST)";
				CODE_SIGN_STYLE = Automatic;
				CURRENT_PROJECT_VERSION = 1;
				GENERATE_INFOPLIST_FILE = YES;
				IPHONEOS_DEPLOYMENT_TARGET = 16.2;
				MARKETING_VERSION = 1.0;
				PRODUCT_BUNDLE_IDENTIFIER = "com.Ed-Wreford.VisualisingDataStructuresTests";
				PRODUCT_NAME = "$(TARGET_NAME)";
				SWIFT_EMIT_LOC_STRINGS = NO;
				SWIFT_VERSION = 5.0;
				TARGETED_DEVICE_FAMILY = "1,2";
				TEST_HOST = "$(BUILT_PRODUCTS_DIR)/VisualisingDataStructures.app/$(BUNDLE_EXECUTABLE_FOLDER_PATH)/VisualisingDataStructures";
			};
			name = Release;
		};
		F63CA58529C1046E00D4A5E7 /* Debug */ = {
			isa = XCBuildConfiguration;
			buildSettings = {
				ALWAYS_EMBED_SWIFT_STANDARD_LIBRARIES = YES;
				CODE_SIGN_STYLE = Automatic;
				CURRENT_PROJECT_VERSION = 1;
				GENERATE_INFOPLIST_FILE = YES;
				MARKETING_VERSION = 1.0;
				PRODUCT_BUNDLE_IDENTIFIER = "com.Ed-Wreford.VisualisingDataStructuresUITests";
				PRODUCT_NAME = "$(TARGET_NAME)";
				SWIFT_EMIT_LOC_STRINGS = NO;
				SWIFT_VERSION = 5.0;
				TARGETED_DEVICE_FAMILY = "1,2";
				TEST_TARGET_NAME = VisualisingDataStructures;
			};
			name = Debug;
		};
		F63CA58629C1046E00D4A5E7 /* Release */ = {
			isa = XCBuildConfiguration;
			buildSettings = {
				ALWAYS_EMBED_SWIFT_STANDARD_LIBRARIES = YES;
				CODE_SIGN_STYLE = Automatic;
				CURRENT_PROJECT_VERSION = 1;
				GENERATE_INFOPLIST_FILE = YES;
				MARKETING_VERSION = 1.0;
				PRODUCT_BUNDLE_IDENTIFIER = "com.Ed-Wreford.VisualisingDataStructuresUITests";
				PRODUCT_NAME = "$(TARGET_NAME)";
				SWIFT_EMIT_LOC_STRINGS = NO;
				SWIFT_VERSION = 5.0;
				TARGETED_DEVICE_FAMILY = "1,2";
				TEST_TARGET_NAME = VisualisingDataStructures;
			};
			name = Release;
		};
/* End XCBuildConfiguration section */

/* Begin XCConfigurationList section */
		F63CA55529C1046B00D4A5E7 /* Build configuration list for PBXProject "VisualisingDataStructures" */ = {
			isa = XCConfigurationList;
			buildConfigurations = (
				F63CA57C29C1046E00D4A5E7 /* Debug */,
				F63CA57D29C1046E00D4A5E7 /* Release */,
			);
			defaultConfigurationIsVisible = 0;
			defaultConfigurationName = Release;
		};
		F63CA57E29C1046E00D4A5E7 /* Build configuration list for PBXNativeTarget "VisualisingDataStructures" */ = {
			isa = XCConfigurationList;
			buildConfigurations = (
				F63CA57F29C1046E00D4A5E7 /* Debug */,
				F63CA58029C1046E00D4A5E7 /* Release */,
			);
			defaultConfigurationIsVisible = 0;
			defaultConfigurationName = Release;
		};
		F63CA58129C1046E00D4A5E7 /* Build configuration list for PBXNativeTarget "VisualisingDataStructuresTests" */ = {
			isa = XCConfigurationList;
			buildConfigurations = (
				F63CA58229C1046E00D4A5E7 /* Debug */,
				F63CA58329C1046E00D4A5E7 /* Release */,
			);
			defaultConfigurationIsVisible = 0;
			defaultConfigurationName = Release;
		};
		F63CA58429C1046E00D4A5E7 /* Build configuration list for PBXNativeTarget "VisualisingDataStructuresUITests" */ = {
			isa = XCConfigurationList;
			buildConfigurations = (
				F63CA58529C1046E00D4A5E7 /* Debug */,
				F63CA58629C1046E00D4A5E7 /* Release */,
			);
			defaultConfigurationIsVisible = 0;
			defaultConfigurationName = Release;
		};
/* End XCConfigurationList section */
	};
	rootObject = F63CA55229C1046B00D4A5E7 /* Project object */;
}
